github.com/RulezKT/cd_cheb_go v0.0.0-20240421182836-6bd0f63d84b6 h1:7wtzj4WOAQqGO9ckQe7o9W89zUR8R7LKysHRakCa+Rw=
github.com/RulezKT/cd_cheb_go v0.0.0-20240421182836-6bd0f63d84b6/go.mod h1:FtlsWxD/v5Tnf66nUAYmxx+56kPMhtDMlNellZbiaSw=
github.com/RulezKT/cd_consts_go v0.0.0-20240423175144-3d105b95de29 h1:B/X3pgAS6PtEobnhT1aMIsbFL6NMNYk1bs0ahRWPW/0=
github.com/RulezKT/cd_consts_go v0.0.0-20240423175144-3d105b95de29/go.mod h1:+GICl0NBWjz+llF5OOsBeeI/MjFt2gGogBp+fQJ5idI=
github.com/RulezKT/cd_nodes_go v0.0.0-20240421193639-361def1ecd0f h1:1r+Qb7y4kUehU0/soEMhJTtmTyscuc4lyiuvkubzqIU=
github.com/RulezKT/cd_nodes_go v0.0.0-20240421193639-361def1ecd0f/go.mod h1:nXgckqNi+j63yyhse3yQuUQkO6P+rK22AbZmDabX5RI=
